// !$*UTF8*$!
{
	archiveVersion = 1;
	classes = {
	};
	objectVersion = 46;
	objects = {

/* Begin PBXBuildFile section */
		6009B2211ECA03F4002B566B /* YKUpDownIndicator.framework in Frameworks */ = {isa = PBXBuildFile; fileRef = 6009B2171ECA03F4002B566B /* YKUpDownIndicator.framework */; };
		6009B2261ECA03F4002B566B /* YKUpDownIndicatorTests.swift in Sources */ = {isa = PBXBuildFile; fileRef = 6009B2251ECA03F4002B566B /* YKUpDownIndicatorTests.swift */; };
		6009B2281ECA03F4002B566B /* YKUpDownIndicator.h in Headers */ = {isa = PBXBuildFile; fileRef = 6009B21A1ECA03F4002B566B /* YKUpDownIndicator.h */; settings = {ATTRIBUTES = (Public, ); }; };
/* End PBXBuildFile section */

/* Begin PBXContainerItemProxy section */
		6009B2221ECA03F4002B566B /* PBXContainerItemProxy */ = {
			isa = PBXContainerItemProxy;
			containerPortal = 6009B20E1ECA03F4002B566B /* Project object */;
			proxyType = 1;
			remoteGlobalIDString = 6009B2161ECA03F4002B566B;
			remoteInfo = YKUpDownIndicator;
		};
/* End PBXContainerItemProxy section */

/* Begin PBXFileReference section */
		6009B2171ECA03F4002B566B /* YKUpDownIndicator.framework */ = {isa = PBXFileReference; explicitFileType = wrapper.framework; includeInIndex = 0; path = YKUpDownIndicator.framework; sourceTree = BUILT_PRODUCTS_DIR; };
		6009B21A1ECA03F4002B566B /* YKUpDownIndicator.h */ = {isa = PBXFileReference; lastKnownFileType = sourcecode.c.h; path = YKUpDownIndicator.h; sourceTree = "<group>"; };
		6009B21B1ECA03F4002B566B /* Info.plist */ = {isa = PBXFileReference; lastKnownFileType = text.plist.xml; path = Info.plist; sourceTree = "<group>"; };
		6009B2201ECA03F4002B566B /* YKUpDownIndicatorTests.xctest */ = {isa = PBXFileReference; explicitFileType = wrapper.cfbundle; includeInIndex = 0; path = YKUpDownIndicatorTests.xctest; sourceTree = BUILT_PRODUCTS_DIR; };
		6009B2251ECA03F4002B566B /* YKUpDownIndicatorTests.swift */ = {isa = PBXFileReference; lastKnownFileType = sourcecode.swift; path = YKUpDownIndicatorTests.swift; sourceTree = "<group>"; };
		6009B2271ECA03F4002B566B /* Info.plist */ = {isa = PBXFileReference; lastKnownFileType = text.plist.xml; path = Info.plist; sourceTree = "<group>"; };
/* End PBXFileReference section */

/* Begin PBXFrameworksBuildPhase section */
		6009B2131ECA03F4002B566B /* Frameworks */ = {
			isa = PBXFrameworksBuildPhase;
			buildActionMask = 2147483647;
			files = (
			);
			runOnlyForDeploymentPostprocessing = 0;
		};
		6009B21D1ECA03F4002B566B /* Frameworks */ = {
			isa = PBXFrameworksBuildPhase;
			buildActionMask = 2147483647;
			files = (
				6009B2211ECA03F4002B566B /* YKUpDownIndicator.framework in Frameworks */,
			);
			runOnlyForDeploymentPostprocessing = 0;
		};
/* End PBXFrameworksBuildPhase section */

/* Begin PBXGroup section */
		6009B20D1ECA03F4002B566B = {
			isa = PBXGroup;
			children = (
				6009B2191ECA03F4002B566B /* YKUpDownIndicator */,
				6009B2241ECA03F4002B566B /* YKUpDownIndicatorTests */,
				6009B2181ECA03F4002B566B /* Products */,
			);
			sourceTree = "<group>";
		};
		6009B2181ECA03F4002B566B /* Products */ = {
			isa = PBXGroup;
			children = (
				6009B2171ECA03F4002B566B /* YKUpDownIndicator.framework */,
				6009B2201ECA03F4002B566B /* YKUpDownIndicatorTests.xctest */,
			);
			name = Products;
			sourceTree = "<group>";
		};
		6009B2191ECA03F4002B566B /* YKUpDownIndicator */ = {
			isa = PBXGroup;
			children = (
				6009B21A1ECA03F4002B566B /* YKUpDownIndicator.h */,
				6009B21B1ECA03F4002B566B /* Info.plist */,
			);
			path = YKUpDownIndicator;
			sourceTree = "<group>";
		};
		6009B2241ECA03F4002B566B /* YKUpDownIndicatorTests */ = {
			isa = PBXGroup;
			children = (
				6009B2251ECA03F4002B566B /* YKUpDownIndicatorTests.swift */,
				6009B2271ECA03F4002B566B /* Info.plist */,
			);
			path = YKUpDownIndicatorTests;
			sourceTree = "<group>";
		};
/* End PBXGroup section */

/* Begin PBXHeadersBuildPhase section */
		6009B2141ECA03F4002B566B /* Headers */ = {
			isa = PBXHeadersBuildPhase;
			buildActionMask = 2147483647;
			files = (
				6009B2281ECA03F4002B566B /* YKUpDownIndicator.h in Headers */,
			);
			runOnlyForDeploymentPostprocessing = 0;
		};
/* End PBXHeadersBuildPhase section */

/* Begin PBXNativeTarget section */
		6009B2161ECA03F4002B566B /* YKUpDownIndicator */ = {
			isa = PBXNativeTarget;
			buildConfigurationList = 6009B22B1ECA03F4002B566B /* Build configuration list for PBXNativeTarget "YKUpDownIndicator" */;
			buildPhases = (
				6009B2121ECA03F4002B566B /* Sources */,
				6009B2131ECA03F4002B566B /* Frameworks */,
				6009B2141ECA03F4002B566B /* Headers */,
				6009B2151ECA03F4002B566B /* Resources */,
			);
			buildRules = (
			);
			dependencies = (
			);
			name = YKUpDownIndicator;
			productName = YKUpDownIndicator;
			productReference = 6009B2171ECA03F4002B566B /* YKUpDownIndicator.framework */;
			productType = "com.apple.product-type.framework";
		};
		6009B21F1ECA03F4002B566B /* YKUpDownIndicatorTests */ = {
			isa = PBXNativeTarget;
			buildConfigurationList = 6009B22E1ECA03F4002B566B /* Build configuration list for PBXNativeTarget "YKUpDownIndicatorTests" */;
			buildPhases = (
				6009B21C1ECA03F4002B566B /* Sources */,
				6009B21D1ECA03F4002B566B /* Frameworks */,
				6009B21E1ECA03F4002B566B /* Resources */,
			);
			buildRules = (
			);
			dependencies = (
				6009B2231ECA03F4002B566B /* PBXTargetDependency */,
			);
			name = YKUpDownIndicatorTests;
			productName = YKUpDownIndicatorTests;
			productReference = 6009B2201ECA03F4002B566B /* YKUpDownIndicatorTests.xctest */;
			productType = "com.apple.product-type.bundle.unit-test";
		};
/* End PBXNativeTarget section */

/* Begin PBXProject section */
		6009B20E1ECA03F4002B566B /* Project object */ = {
			isa = PBXProject;
			attributes = {
				LastSwiftUpdateCheck = 0830;
				LastUpgradeCheck = 0830;
				ORGANIZATIONNAME = yojkim;
				TargetAttributes = {
					6009B2161ECA03F4002B566B = {
						CreatedOnToolsVersion = 8.3.2;
						DevelopmentTeam = 9787PY98YF;
						ProvisioningStyle = Automatic;
					};
					6009B21F1ECA03F4002B566B = {
						CreatedOnToolsVersion = 8.3.2;
						DevelopmentTeam = 9787PY98YF;
						ProvisioningStyle = Automatic;
					};
				};
			};
			buildConfigurationList = 6009B2111ECA03F4002B566B /* Build configuration list for PBXProject "YKUpDownIndicator" */;
			compatibilityVersion = "Xcode 3.2";
			developmentRegion = English;
			hasScannedForEncodings = 0;
			knownRegions = (
				en,
			);
			mainGroup = 6009B20D1ECA03F4002B566B;
			productRefGroup = 6009B2181ECA03F4002B566B /* Products */;
			projectDirPath = "";
			projectRoot = "";
			targets = (
				6009B2161ECA03F4002B566B /* YKUpDownIndicator */,
				6009B21F1ECA03F4002B566B /* YKUpDownIndicatorTests */,
			);
		};
/* End PBXProject section */

/* Begin PBXResourcesBuildPhase section */
		6009B2151ECA03F4002B566B /* Resources */ = {
			isa = PBXResourcesBuildPhase;
			buildActionMask = 2147483647;
			files = (
			);
			runOnlyForDeploymentPostprocessing = 0;
		};
		6009B21E1ECA03F4002B566B /* Resources */ = {
			isa = PBXResourcesBuildPhase;
			buildActionMask = 2147483647;
			files = (
			);
			runOnlyForDeploymentPostprocessing = 0;
		};
/* End PBXResourcesBuildPhase section */

/* Begin PBXSourcesBuildPhase section */
		6009B2121ECA03F4002B566B /* Sources */ = {
			isa = PBXSourcesBuildPhase;
			buildActionMask = 2147483647;
			files = (
			);
			runOnlyForDeploymentPostprocessing = 0;
		};
		6009B21C1ECA03F4002B566B /* Sources */ = {
			isa = PBXSourcesBuildPhase;
			buildActionMask = 2147483647;
			files = (
				6009B2261ECA03F4002B566B /* YKUpDownIndicatorTests.swift in Sources */,
			);
			runOnlyForDeploymentPostprocessing = 0;
		};
/* End PBXSourcesBuildPhase section */

/* Begin PBXTargetDependency section */
		6009B2231ECA03F4002B566B /* PBXTargetDependency */ = {
			isa = PBXTargetDependency;
			target = 6009B2161ECA03F4002B566B /* YKUpDownIndicator */;
			targetProxy = 6009B2221ECA03F4002B566B /* PBXContainerItemProxy */;
		};
/* End PBXTargetDependency section */

/* Begin XCBuildConfiguration section */
		6009B2291ECA03F4002B566B /* Debug */ = {
			isa = XCBuildConfiguration;
			buildSettings = {
				ALWAYS_SEARCH_USER_PATHS = NO;
				CLANG_ANALYZER_NONNULL = YES;
				CLANG_ANALYZER_NUMBER_OBJECT_CONVERSION = YES_AGGRESSIVE;
				CLANG_CXX_LANGUAGE_STANDARD = "gnu++0x";
				CLANG_CXX_LIBRARY = "libc++";
				CLANG_ENABLE_MODULES = YES;
				CLANG_ENABLE_OBJC_ARC = YES;
				CLANG_WARN_BOOL_CONVERSION = YES;
				CLANG_WARN_CONSTANT_CONVERSION = YES;
				CLANG_WARN_DIRECT_OBJC_ISA_USAGE = YES_ERROR;
				CLANG_WARN_DOCUMENTATION_COMMENTS = YES;
				CLANG_WARN_EMPTY_BODY = YES;
				CLANG_WARN_ENUM_CONVERSION = YES;
				CLANG_WARN_INFINITE_RECURSION = YES;
				CLANG_WARN_INT_CONVERSION = YES;
				CLANG_WARN_OBJC_ROOT_CLASS = YES_ERROR;
				CLANG_WARN_SUSPICIOUS_MOVE = YES;
				CLANG_WARN_UNREACHABLE_CODE = YES;
				CLANG_WARN__DUPLICATE_METHOD_MATCH = YES;
				"CODE_SIGN_IDENTITY[sdk=iphoneos*]" = "iPhone Developer";
				COPY_PHASE_STRIP = NO;
				CURRENT_PROJECT_VERSION = 1;
				DEBUG_INFORMATION_FORMAT = dwarf;
				ENABLE_STRICT_OBJC_MSGSEND = YES;
				ENABLE_TESTABILITY = YES;
				GCC_C_LANGUAGE_STANDARD = gnu99;
				GCC_DYNAMIC_NO_PIC = NO;
				GCC_NO_COMMON_BLOCKS = YES;
				GCC_OPTIMIZATION_LEVEL = 0;
				GCC_PREPROCESSOR_DEFINITIONS = (
					"DEBUG=1",
					"$(inherited)",
				);
				GCC_WARN_64_TO_32_BIT_CONVERSION = YES;
				GCC_WARN_ABOUT_RETURN_TYPE = YES_ERROR;
				GCC_WARN_UNDECLARED_SELECTOR = YES;
				GCC_WARN_UNINITIALIZED_AUTOS = YES_AGGRESSIVE;
				GCC_WARN_UNUSED_FUNCTION = YES;
				GCC_WARN_UNUSED_VARIABLE = YES;
				IPHONEOS_DEPLOYMENT_TARGET = 10.3;
				MTL_ENABLE_DEBUG_INFO = YES;
				ONLY_ACTIVE_ARCH = YES;
				SDKROOT = iphoneos;
				SWIFT_ACTIVE_COMPILATION_CONDITIONS = DEBUG;
				SWIFT_OPTIMIZATION_LEVEL = "-Onone";
				TARGETED_DEVICE_FAMILY = "1,2";
				VERSIONING_SYSTEM = "apple-generic";
				VERSION_INFO_PREFIX = "";
			};
			name = Debug;
		};
		6009B22A1ECA03F4002B566B /* Release */ = {
			isa = XCBuildConfiguration;
			buildSettings = {
				ALWAYS_SEARCH_USER_PATHS = NO;
				CLANG_ANALYZER_NONNULL = YES;
				CLANG_ANALYZER_NUMBER_OBJECT_CONVERSION = YES_AGGRESSIVE;
				CLANG_CXX_LANGUAGE_STANDARD = "gnu++0x";
				CLANG_CXX_LIBRARY = "libc++";
				CLANG_ENABLE_MODULES = YES;
				CLANG_ENABLE_OBJC_ARC = YES;
				CLANG_WARN_BOOL_CONVERSION = YES;
				CLANG_WARN_CONSTANT_CONVERSION = YES;
				CLANG_WARN_DIRECT_OBJC_ISA_USAGE = YES_ERROR;
				CLANG_WARN_DOCUMENTATION_COMMENTS = YES;
				CLANG_WARN_EMPTY_BODY = YES;
				CLANG_WARN_ENUM_CONVERSION = YES;
				CLANG_WARN_INFINITE_RECURSION = YES;
				CLANG_WARN_INT_CONVERSION = YES;
				CLANG_WARN_OBJC_ROOT_CLASS = YES_ERROR;
				CLANG_WARN_SUSPICIOUS_MOVE = YES;
				CLANG_WARN_UNREACHABLE_CODE = YES;
				CLANG_WARN__DUPLICATE_METHOD_MATCH = YES;
				"CODE_SIGN_IDENTITY[sdk=iphoneos*]" = "iPhone Developer";
				COPY_PHASE_STRIP = NO;
				CURRENT_PROJECT_VERSION = 1;
				DEBUG_INFORMATION_FORMAT = "dwarf-with-dsym";
				ENABLE_NS_ASSERTIONS = NO;
				ENABLE_STRICT_OBJC_MSGSEND = YES;
				GCC_C_LANGUAGE_STANDARD = gnu99;
				GCC_NO_COMMON_BLOCKS = YES;
				GCC_WARN_64_TO_32_BIT_CONVERSION = YES;
				GCC_WARN_ABOUT_RETURN_TYPE = YES_ERROR;
				GCC_WARN_UNDECLARED_SELECTOR = YES;
				GCC_WARN_UNINITIALIZED_AUTOS = YES_AGGRESSIVE;
				GCC_WARN_UNUSED_FUNCTION = YES;
				GCC_WARN_UNUSED_VARIABLE = YES;
				IPHONEOS_DEPLOYMENT_TARGET = 10.3;
				MTL_ENABLE_DEBUG_INFO = NO;
				SDKROOT = iphoneos;
				SWIFT_OPTIMIZATION_LEVEL = "-Owholemodule";
				TARGETED_DEVICE_FAMILY = "1,2";
				VALIDATE_PRODUCT = YES;
				VERSIONING_SYSTEM = "apple-generic";
				VERSION_INFO_PREFIX = "";
			};
			name = Release;
		};
		6009B22C1ECA03F4002B566B /* Debug */ = {
			isa = XCBuildConfiguration;
			buildSettings = {
				CODE_SIGN_IDENTITY = "";
				DEFINES_MODULE = YES;
				DEVELOPMENT_TEAM = 9787PY98YF;
				DYLIB_COMPATIBILITY_VERSION = 1;
				DYLIB_CURRENT_VERSION = 1;
				DYLIB_INSTALL_NAME_BASE = "@rpath";
				INFOPLIST_FILE = YKUpDownIndicator/Info.plist;
				INSTALL_PATH = "$(LOCAL_LIBRARY_DIR)/Frameworks";
				LD_RUNPATH_SEARCH_PATHS = "$(inherited) @executable_path/Frameworks @loader_path/Frameworks";
				PRODUCT_BUNDLE_IDENTIFIER = com.yojkim.YKUpDownIndicator;
				PRODUCT_NAME = "$(TARGET_NAME)";
				SKIP_INSTALL = YES;
				SWIFT_VERSION = 3.0;
			};
			name = Debug;
		};
		6009B22D1ECA03F4002B566B /* Release */ = {
			isa = XCBuildConfiguration;
			buildSettings = {
				CODE_SIGN_IDENTITY = "";
				DEFINES_MODULE = YES;
				DEVELOPMENT_TEAM = 9787PY98YF;
				DYLIB_COMPATIBILITY_VERSION = 1;
				DYLIB_CURRENT_VERSION = 1;
				DYLIB_INSTALL_NAME_BASE = "@rpath";
				INFOPLIST_FILE = YKUpDownIndicator/Info.plist;
				INSTALL_PATH = "$(LOCAL_LIBRARY_DIR)/Frameworks";
				LD_RUNPATH_SEARCH_PATHS = "$(inherited) @executable_path/Frameworks @loader_path/Frameworks";
				PRODUCT_BUNDLE_IDENTIFIER = com.yojkim.YKUpDownIndicator;
				PRODUCT_NAME = "$(TARGET_NAME)";
				SKIP_INSTALL = YES;
				SWIFT_VERSION = 3.0;
			};
			name = Release;
		};
		6009B22F1ECA03F4002B566B /* Debug */ = {
			isa = XCBuildConfiguration;
			buildSettings = {
				DEVELOPMENT_TEAM = 9787PY98YF;
				INFOPLIST_FILE = YKUpDownIndicatorTests/Info.plist;
				LD_RUNPATH_SEARCH_PATHS = "$(inherited) @executable_path/Frameworks @loader_path/Frameworks";
				PRODUCT_BUNDLE_IDENTIFIER = com.yojkim.YKUpDownIndicatorTests;
				PRODUCT_NAME = "$(TARGET_NAME)";
				SWIFT_VERSION = 3.0;
			};
			name = Debug;
		};
		6009B2301ECA03F4002B566B /* Release */ = {
			isa = XCBuildConfiguration;
			buildSettings = {
				DEVELOPMENT_TEAM = 9787PY98YF;
				INFOPLIST_FILE = YKUpDownIndicatorTests/Info.plist;
				LD_RUNPATH_SEARCH_PATHS = "$(inherited) @executable_path/Frameworks @loader_path/Frameworks";
				PRODUCT_BUNDLE_IDENTIFIER = com.yojkim.YKUpDownIndicatorTests;
				PRODUCT_NAME = "$(TARGET_NAME)";
				SWIFT_VERSION = 3.0;
			};
			name = Release;
		};
/* End XCBuildConfiguration section */

/* Begin XCConfigurationList section */
		6009B2111ECA03F4002B566B /* Build configuration list for PBXProject "YKUpDownIndicator" */ = {
			isa = XCConfigurationList;
			buildConfigurations = (
				6009B2291ECA03F4002B566B /* Debug */,
				6009B22A1ECA03F4002B566B /* Release */,
			);
			defaultConfigurationIsVisible = 0;
			defaultConfigurationName = Release;
		};
		6009B22B1ECA03F4002B566B /* Build configuration list for PBXNativeTarget "YKUpDownIndicator" */ = {
			isa = XCConfigurationList;
			buildConfigurations = (
				6009B22C1ECA03F4002B566B /* Debug */,
				6009B22D1ECA03F4002B566B /* Release */,
			);
			defaultConfigurationIsVisible = 0;
		};
		6009B22E1ECA03F4002B566B /* Build configuration list for PBXNativeTarget "YKUpDownIndicatorTests" */ = {
			isa = XCConfigurationList;
			buildConfigurations = (
				6009B22F1ECA03F4002B566B /* Debug */,
				6009B2301ECA03F4002B566B /* Release */,
			);
			defaultConfigurationIsVisible = 0;
		};
/* End XCConfigurationList section */
	};
	rootObject = 6009B20E1ECA03F4002B566B /* Project object */;
}
